
Microsoft Visual Studio Solution File, Format Version 12.00
# Visual Studio Version 17
VisualStudioVersion = 17.5.33424.131
MinimumVisualStudioVersion = 10.0.40219.1
Project("{2150E333-8FDC-42A3-9474-1A3956D46DE8}") = "src", "src", "{6A746078-223B-43C3-8660-C29C936E7523}"
EndProject
Project("{2150E333-8FDC-42A3-9474-1A3956D46DE8}") = "samples", "samples", "{AF332F6C-6F30-4F40-A99F-A88113E11F43}"
EndProject
Project("{2150E333-8FDC-42A3-9474-1A3956D46DE8}") = "test", "test", "{666A1FB2-3728-4CDD-B8C7-C0AE52B3F31D}"
EndProject
Project("{9A19103F-16F7-4668-BE54-9A1E7A4F7556}") = "Elmah.Io.Client.Extensions.Correlation", "src\Elmah.Io.Client.Extensions.Correlation\Elmah.Io.Client.Extensions.Correlation.csproj", "{209B4365-28C3-4B91-AAA1-BEEE932B6400}"
EndProject
Project("{9A19103F-16F7-4668-BE54-9A1E7A4F7556}") = "Elmah.Io.Client.Extensions.Correlation.Test", "test\Elmah.Io.Client.Extensions.Correlation.Test\Elmah.Io.Client.Extensions.Correlation.Test.csproj", "{926FC9D6-ABC9-4C0D-AAF2-592C2A3A7984}"
EndProject
Project("{9A19103F-16F7-4668-BE54-9A1E7A4F7556}") = "Elmah.Io.Client.Extensions.Correlation.AspNetCore60", "samples\Elmah.Io.Client.Extensions.Correlation.AspNetCore60\Elmah.Io.Client.Extensions.Correlation.AspNetCore60.csproj", "{9B6CAB40-9D07-4A03-AE29-79A179D70F92}"
EndProject
Project("{2150E333-8FDC-42A3-9474-1A3956D46DE8}") = "Solution Items", "Solution Items", "{1D84DC21-82F4-4FD0-BBB0-49F0F59F90B6}"
	ProjectSection(SolutionItems) = preProject
		README.md = README.md
	EndProjectSection
EndProject
Global
	GlobalSection(SolutionConfigurationPlatforms) = preSolution
		Debug|Any CPU = Debug|Any CPU
		Release|Any CPU = Release|Any CPU
	EndGlobalSection
	GlobalSection(ProjectConfigurationPlatforms) = postSolution
		{209B4365-28C3-4B91-AAA1-BEEE932B6400}.Debug|Any CPU.ActiveCfg = Debug|Any CPU
		{209B4365-28C3-4B91-AAA1-BEEE932B6400}.Debug|Any CPU.Build.0 = Debug|Any CPU
		{209B4365-28C3-4B91-AAA1-BEEE932B6400}.Release|Any CPU.ActiveCfg = Release|Any CPU
		{209B4365-28C3-4B91-AAA1-BEEE932B6400}.Release|Any CPU.Build.0 = Release|Any CPU
		{926FC9D6-ABC9-4C0D-AAF2-592C2A3A7984}.Debug|Any CPU.ActiveCfg = Debug|Any CPU
		{926FC9D6-ABC9-4C0D-AAF2-592C2A3A7984}.Debug|Any CPU.Build.0 = Debug|Any CPU
		{926FC9D6-ABC9-4C0D-AAF2-592C2A3A7984}.Release|Any CPU.ActiveCfg = Release|Any CPU
		{926FC9D6-ABC9-4C0D-AAF2-592C2A3A7984}.Release|Any CPU.Build.0 = Release|Any CPU
		{9B6CAB40-9D07-4A03-AE29-79A179D70F92}.Debug|Any CPU.ActiveCfg = Debug|Any CPU
		{9B6CAB40-9D07-4A03-AE29-79A179D70F92}.Debug|Any CPU.Build.0 = Debug|Any CPU
		{9B6CAB40-9D07-4A03-AE29-79A179D70F92}.Release|Any CPU.ActiveCfg = Release|Any CPU
		{9B6CAB40-9D07-4A03-AE29-79A179D70F92}.Release|Any CPU.Build.0 = Release|Any CPU
	EndGlobalSection
	GlobalSection(SolutionProperties) = preSolution
		HideSolutionNode = FALSE
	EndGlobalSection
	GlobalSection(NestedProjects) = preSolution
		{209B4365-28C3-4B91-AAA1-BEEE932B6400} = {6A746078-223B-43C3-8660-C29C936E7523}
		{926FC9D6-ABC9-4C0D-AAF2-592C2A3A7984} = {666A1FB2-3728-4CDD-B8C7-C0AE52B3F31D}
		{9B6CAB40-9D07-4A03-AE29-79A179D70F92} = {AF332F6C-6F30-4F40-A99F-A88113E11F43}
	EndGlobalSection
	GlobalSection(ExtensibilityGlobals) = postSolution
		SolutionGuid = {AA203B4A-970A-44A6-AB4D-A28D566C240C}
	EndGlobalSection
EndGlobal
